
Microsoft Visual Studio Solution File, Format Version 12.00
# Visual Studio 15
VisualStudioVersion = 15.0.27004.2002
MinimumVisualStudioVersion = 10.0.40219.1
Project("{FAE04EC0-301F-11D3-BF4B-00C04F79EFBC}") = "ReactiveStock", "ReactiveStock\ReactiveStock.csproj", "{259EBB40-12DB-496F-A7B4-3B68AF8544C3}"
EndProject
Global
	GlobalSection(SolutionConfigurationPlatforms) = preSolution
		Debug|Any CPU = Debug|Any CPU
		Release|Any CPU = Release|Any CPU
	EndGlobalSection
	GlobalSection(ProjectConfigurationPlatforms) = postSolution
		{259EBB40-12DB-496F-A7B4-3B68AF8544C3}.Debug|Any CPU.ActiveCfg = Debug|Any CPU
		{259EBB40-12DB-496F-A7B4-3B68AF8544C3}.Debug|Any CPU.Build.0 = Debug|Any CPU
		{259EBB40-12DB-496F-A7B4-3B68AF8544C3}.Release|Any CPU.ActiveCfg = Release|Any CPU
		{259EBB40-12DB-496F-A7B4-3B68AF8544C3}.Release|Any CPU.Build.0 = Release|Any CPU
	EndGlobalSection
	GlobalSection(SolutionProperties) = preSolution
		HideSolutionNode = FALSE
	EndGlobalSection
	GlobalSection(ExtensibilityGlobals) = postSolution
		SolutionGuid = {2EE0DBDD-2A3B-448D-AEA4-F82409A25950}
	EndGlobalSection
EndGlobal
